// !$*UTF8*$!
{
	archiveVersion = 1;
	classes = {
	};
	objectVersion = 56;
	objects = {

/* Begin PBXBuildFile section */
		B67CC56A2A028665001CFF76 /* AppDelegate.swift in Sources */ = {isa = PBXBuildFile; fileRef = B67CC5692A028665001CFF76 /* AppDelegate.swift */; };
		B67CC56C2A028665001CFF76 /* SceneDelegate.swift in Sources */ = {isa = PBXBuildFile; fileRef = B67CC56B2A028665001CFF76 /* SceneDelegate.swift */; };
		B67CC56E2A028665001CFF76 /* MainController.swift in Sources */ = {isa = PBXBuildFile; fileRef = B67CC56D2A028665001CFF76 /* MainController.swift */; };
		B67CC5732A028666001CFF76 /* Assets.xcassets in Resources */ = {isa = PBXBuildFile; fileRef = B67CC5722A028666001CFF76 /* Assets.xcassets */; };
		B67CC5762A028666001CFF76 /* LaunchScreen.storyboard in Resources */ = {isa = PBXBuildFile; fileRef = B67CC5742A028666001CFF76 /* LaunchScreen.storyboard */; };
		B6C44FB02A0289440002341C /* Router.swift in Sources */ = {isa = PBXBuildFile; fileRef = B6C44FAF2A0289440002341C /* Router.swift */; };
		B6C44FB22A0289540002341C /* RouterProtocol.swift in Sources */ = {isa = PBXBuildFile; fileRef = B6C44FB12A0289540002341C /* RouterProtocol.swift */; };
		B6C44FB42A028A580002341C /* MainPresenter.swift in Sources */ = {isa = PBXBuildFile; fileRef = B6C44FB32A028A580002341C /* MainPresenter.swift */; };
		B6C44FB62A028A830002341C /* MainPresenterProtocol.swift in Sources */ = {isa = PBXBuildFile; fileRef = B6C44FB52A028A830002341C /* MainPresenterProtocol.swift */; };
		B6C44FB82A028AB80002341C /* MainViewProtocol.swift in Sources */ = {isa = PBXBuildFile; fileRef = B6C44FB72A028AB80002341C /* MainViewProtocol.swift */; };
		B6C44FBC2A028C7B0002341C /* Resources.swift in Sources */ = {isa = PBXBuildFile; fileRef = B6C44FBB2A028C7B0002341C /* Resources.swift */; };
		B6CDF8182A02A87D00043489 /* MainView.swift in Sources */ = {isa = PBXBuildFile; fileRef = B6CDF8172A02A87D00043489 /* MainView.swift */; };
		B6CDF81A2A02A9A800043489 /* MainViewDelegate.swift in Sources */ = {isa = PBXBuildFile; fileRef = B6CDF8192A02A9A800043489 /* MainViewDelegate.swift */; };
		B6CDF81C2A02ABB400043489 /* MainControllerProtocol.swift in Sources */ = {isa = PBXBuildFile; fileRef = B6CDF81B2A02ABB400043489 /* MainControllerProtocol.swift */; };
		B6CDF8242A02B6DF00043489 /* AllCardsController.swift in Sources */ = {isa = PBXBuildFile; fileRef = B6CDF8232A02B6DF00043489 /* AllCardsController.swift */; };
		B6CDF8262A02B70D00043489 /* AllCardsControllerProtocol.swift in Sources */ = {isa = PBXBuildFile; fileRef = B6CDF8252A02B70D00043489 /* AllCardsControllerProtocol.swift */; };
		B6CDF8282A02B74700043489 /* AllCardsPresenterProtocol.swift in Sources */ = {isa = PBXBuildFile; fileRef = B6CDF8272A02B74700043489 /* AllCardsPresenterProtocol.swift */; };
		B6CDF82A2A02B75B00043489 /* AllCardsPresenter.swift in Sources */ = {isa = PBXBuildFile; fileRef = B6CDF8292A02B75B00043489 /* AllCardsPresenter.swift */; };
		B6CDF82C2A02B83000043489 /* AllCardsViewProtocol.swift in Sources */ = {isa = PBXBuildFile; fileRef = B6CDF82B2A02B83000043489 /* AllCardsViewProtocol.swift */; };
		B6CDF82E2A02B87C00043489 /* AllCardsViewDelegate.swift in Sources */ = {isa = PBXBuildFile; fileRef = B6CDF82D2A02B87C00043489 /* AllCardsViewDelegate.swift */; };
		B6CDF8302A02B98E00043489 /* AllCardsView.swift in Sources */ = {isa = PBXBuildFile; fileRef = B6CDF82F2A02B98E00043489 /* AllCardsView.swift */; };
		B6CDF8322A02C24300043489 /* CardCell.swift in Sources */ = {isa = PBXBuildFile; fileRef = B6CDF8312A02C24300043489 /* CardCell.swift */; };
		B6CDF8392A0314EC00043489 /* CardDetailController.swift in Sources */ = {isa = PBXBuildFile; fileRef = B6CDF8382A0314EC00043489 /* CardDetailController.swift */; };
		B6CDF83B2A03151400043489 /* CardDetailControllerProtocol.swift in Sources */ = {isa = PBXBuildFile; fileRef = B6CDF83A2A03151400043489 /* CardDetailControllerProtocol.swift */; };
		B6CDF83D2A03155500043489 /* CardDetailViewProtocol.swift in Sources */ = {isa = PBXBuildFile; fileRef = B6CDF83C2A03155500043489 /* CardDetailViewProtocol.swift */; };
		B6CDF83F2A03159700043489 /* CardDetailPresenterProtocol.swift in Sources */ = {isa = PBXBuildFile; fileRef = B6CDF83E2A03159700043489 /* CardDetailPresenterProtocol.swift */; };
		B6CDF8412A0315AC00043489 /* CardDetailPresenter.swift in Sources */ = {isa = PBXBuildFile; fileRef = B6CDF8402A0315AC00043489 /* CardDetailPresenter.swift */; };
		B6CDF8432A0315ED00043489 /* CardDetailView.swift in Sources */ = {isa = PBXBuildFile; fileRef = B6CDF8422A0315ED00043489 /* CardDetailView.swift */; };
		B6CDF8452A03296300043489 /* ExpandableView.swift in Sources */ = {isa = PBXBuildFile; fileRef = B6CDF8442A03296300043489 /* ExpandableView.swift */; };
/* End PBXBuildFile section */

/* Begin PBXFileReference section */
		B67CC5662A028665001CFF76 /* iPartner.app */ = {isa = PBXFileReference; explicitFileType = wrapper.application; includeInIndex = 0; path = iPartner.app; sourceTree = BUILT_PRODUCTS_DIR; };
		B67CC5692A028665001CFF76 /* AppDelegate.swift */ = {isa = PBXFileReference; lastKnownFileType = sourcecode.swift; path = AppDelegate.swift; sourceTree = "<group>"; };
		B67CC56B2A028665001CFF76 /* SceneDelegate.swift */ = {isa = PBXFileReference; lastKnownFileType = sourcecode.swift; path = SceneDelegate.swift; sourceTree = "<group>"; };
		B67CC56D2A028665001CFF76 /* MainController.swift */ = {isa = PBXFileReference; lastKnownFileType = sourcecode.swift; path = MainController.swift; sourceTree = "<group>"; };
		B67CC5722A028666001CFF76 /* Assets.xcassets */ = {isa = PBXFileReference; lastKnownFileType = folder.assetcatalog; path = Assets.xcassets; sourceTree = "<group>"; };
		B67CC5752A028666001CFF76 /* Base */ = {isa = PBXFileReference; lastKnownFileType = file.storyboard; name = Base; path = Base.lproj/LaunchScreen.storyboard; sourceTree = "<group>"; };
		B67CC5772A028666001CFF76 /* Info.plist */ = {isa = PBXFileReference; lastKnownFileType = text.plist.xml; path = Info.plist; sourceTree = "<group>"; };
		B6C44FAF2A0289440002341C /* Router.swift */ = {isa = PBXFileReference; lastKnownFileType = sourcecode.swift; path = Router.swift; sourceTree = "<group>"; };
		B6C44FB12A0289540002341C /* RouterProtocol.swift */ = {isa = PBXFileReference; lastKnownFileType = sourcecode.swift; path = RouterProtocol.swift; sourceTree = "<group>"; };
		B6C44FB32A028A580002341C /* MainPresenter.swift */ = {isa = PBXFileReference; lastKnownFileType = sourcecode.swift; path = MainPresenter.swift; sourceTree = "<group>"; };
		B6C44FB52A028A830002341C /* MainPresenterProtocol.swift */ = {isa = PBXFileReference; lastKnownFileType = sourcecode.swift; path = MainPresenterProtocol.swift; sourceTree = "<group>"; };
		B6C44FB72A028AB80002341C /* MainViewProtocol.swift */ = {isa = PBXFileReference; lastKnownFileType = sourcecode.swift; path = MainViewProtocol.swift; sourceTree = "<group>"; };
		B6C44FBB2A028C7B0002341C /* Resources.swift */ = {isa = PBXFileReference; lastKnownFileType = sourcecode.swift; path = Resources.swift; sourceTree = "<group>"; };
		B6CDF8172A02A87D00043489 /* MainView.swift */ = {isa = PBXFileReference; lastKnownFileType = sourcecode.swift; path = MainView.swift; sourceTree = "<group>"; };
		B6CDF8192A02A9A800043489 /* MainViewDelegate.swift */ = {isa = PBXFileReference; lastKnownFileType = sourcecode.swift; path = MainViewDelegate.swift; sourceTree = "<group>"; };
		B6CDF81B2A02ABB400043489 /* MainControllerProtocol.swift */ = {isa = PBXFileReference; lastKnownFileType = sourcecode.swift; path = MainControllerProtocol.swift; sourceTree = "<group>"; };
		B6CDF8232A02B6DF00043489 /* AllCardsController.swift */ = {isa = PBXFileReference; lastKnownFileType = sourcecode.swift; path = AllCardsController.swift; sourceTree = "<group>"; };
		B6CDF8252A02B70D00043489 /* AllCardsControllerProtocol.swift */ = {isa = PBXFileReference; lastKnownFileType = sourcecode.swift; path = AllCardsControllerProtocol.swift; sourceTree = "<group>"; };
		B6CDF8272A02B74700043489 /* AllCardsPresenterProtocol.swift */ = {isa = PBXFileReference; lastKnownFileType = sourcecode.swift; path = AllCardsPresenterProtocol.swift; sourceTree = "<group>"; };
		B6CDF8292A02B75B00043489 /* AllCardsPresenter.swift */ = {isa = PBXFileReference; lastKnownFileType = sourcecode.swift; path = AllCardsPresenter.swift; sourceTree = "<group>"; };
		B6CDF82B2A02B83000043489 /* AllCardsViewProtocol.swift */ = {isa = PBXFileReference; lastKnownFileType = sourcecode.swift; path = AllCardsViewProtocol.swift; sourceTree = "<group>"; };
		B6CDF82D2A02B87C00043489 /* AllCardsViewDelegate.swift */ = {isa = PBXFileReference; lastKnownFileType = sourcecode.swift; path = AllCardsViewDelegate.swift; sourceTree = "<group>"; };
		B6CDF82F2A02B98E00043489 /* AllCardsView.swift */ = {isa = PBXFileReference; lastKnownFileType = sourcecode.swift; path = AllCardsView.swift; sourceTree = "<group>"; };
		B6CDF8312A02C24300043489 /* CardCell.swift */ = {isa = PBXFileReference; lastKnownFileType = sourcecode.swift; path = CardCell.swift; sourceTree = "<group>"; };
		B6CDF8382A0314EC00043489 /* CardDetailController.swift */ = {isa = PBXFileReference; lastKnownFileType = sourcecode.swift; path = CardDetailController.swift; sourceTree = "<group>"; };
		B6CDF83A2A03151400043489 /* CardDetailControllerProtocol.swift */ = {isa = PBXFileReference; lastKnownFileType = sourcecode.swift; path = CardDetailControllerProtocol.swift; sourceTree = "<group>"; };
		B6CDF83C2A03155500043489 /* CardDetailViewProtocol.swift */ = {isa = PBXFileReference; lastKnownFileType = sourcecode.swift; path = CardDetailViewProtocol.swift; sourceTree = "<group>"; };
		B6CDF83E2A03159700043489 /* CardDetailPresenterProtocol.swift */ = {isa = PBXFileReference; lastKnownFileType = sourcecode.swift; path = CardDetailPresenterProtocol.swift; sourceTree = "<group>"; };
		B6CDF8402A0315AC00043489 /* CardDetailPresenter.swift */ = {isa = PBXFileReference; lastKnownFileType = sourcecode.swift; path = CardDetailPresenter.swift; sourceTree = "<group>"; };
		B6CDF8422A0315ED00043489 /* CardDetailView.swift */ = {isa = PBXFileReference; lastKnownFileType = sourcecode.swift; path = CardDetailView.swift; sourceTree = "<group>"; };
		B6CDF8442A03296300043489 /* ExpandableView.swift */ = {isa = PBXFileReference; lastKnownFileType = sourcecode.swift; path = ExpandableView.swift; sourceTree = "<group>"; };
/* End PBXFileReference section */

/* Begin PBXFrameworksBuildPhase section */
		B67CC5632A028665001CFF76 /* Frameworks */ = {
			isa = PBXFrameworksBuildPhase;
			buildActionMask = 2147483647;
			files = (
			);
			runOnlyForDeploymentPostprocessing = 0;
		};
/* End PBXFrameworksBuildPhase section */

/* Begin PBXGroup section */
		B67CC55D2A028665001CFF76 = {
			isa = PBXGroup;
			children = (
				B67CC5682A028665001CFF76 /* iPartner */,
				B67CC5672A028665001CFF76 /* Products */,
			);
			sourceTree = "<group>";
		};
		B67CC5672A028665001CFF76 /* Products */ = {
			isa = PBXGroup;
			children = (
				B67CC5662A028665001CFF76 /* iPartner.app */,
			);
			name = Products;
			sourceTree = "<group>";
		};
		B67CC5682A028665001CFF76 /* iPartner */ = {
			isa = PBXGroup;
			children = (
				B6C44FA42A0288320002341C /* App */,
				B6C44FAE2A0289250002341C /* Router */,
				B6C44FAD2A0289030002341C /* Service */,
				B6C44FA62A02884C0002341C /* Screens */,
				B6C44FB92A028C610002341C /* Models */,
				B6C44FA52A02883D0002341C /* Support */,
			);
			path = iPartner;
			sourceTree = "<group>";
		};
		B6C44FA42A0288320002341C /* App */ = {
			isa = PBXGroup;
			children = (
				B67CC5692A028665001CFF76 /* AppDelegate.swift */,
				B67CC56B2A028665001CFF76 /* SceneDelegate.swift */,
			);
			path = App;
			sourceTree = "<group>";
		};
		B6C44FA52A02883D0002341C /* Support */ = {
			isa = PBXGroup;
			children = (
				B67CC5722A028666001CFF76 /* Assets.xcassets */,
				B67CC5742A028666001CFF76 /* LaunchScreen.storyboard */,
				B67CC5772A028666001CFF76 /* Info.plist */,
			);
			path = Support;
			sourceTree = "<group>";
		};
		B6C44FA62A02884C0002341C /* Screens */ = {
			isa = PBXGroup;
			children = (
				B6C44FA72A0288920002341C /* Main */,
				B6CDF81E2A02B66400043489 /* AllCards */,
				B6CDF8332A03143E00043489 /* CardDetail */,
			);
			path = Screens;
			sourceTree = "<group>";
		};
		B6C44FA72A0288920002341C /* Main */ = {
			isa = PBXGroup;
			children = (
				B6C44FAC2A0288F50002341C /* Views */,
				B6C44FA92A0288CD0002341C /* Protocols */,
				B6C44FAB2A0288EC0002341C /* Presenters */,
				B6C44FA82A0288B70002341C /* Controllers */,
			);
			path = Main;
			sourceTree = "<group>";
		};
		B6C44FA82A0288B70002341C /* Controllers */ = {
			isa = PBXGroup;
			children = (
				B67CC56D2A028665001CFF76 /* MainController.swift */,
			);
			path = Controllers;
			sourceTree = "<group>";
		};
		B6C44FA92A0288CD0002341C /* Protocols */ = {
			isa = PBXGroup;
			children = (
				B6C44FB72A028AB80002341C /* MainViewProtocol.swift */,
				B6CDF8192A02A9A800043489 /* MainViewDelegate.swift */,
				B6C44FB52A028A830002341C /* MainPresenterProtocol.swift */,
				B6CDF81B2A02ABB400043489 /* MainControllerProtocol.swift */,
			);
			path = Protocols;
			sourceTree = "<group>";
		};
		B6C44FAB2A0288EC0002341C /* Presenters */ = {
			isa = PBXGroup;
			children = (
				B6C44FB32A028A580002341C /* MainPresenter.swift */,
			);
			path = Presenters;
			sourceTree = "<group>";
		};
		B6C44FAC2A0288F50002341C /* Views */ = {
			isa = PBXGroup;
			children = (
				B6CDF8172A02A87D00043489 /* MainView.swift */,
			);
			path = Views;
			sourceTree = "<group>";
		};
		B6C44FAD2A0289030002341C /* Service */ = {
			isa = PBXGroup;
			children = (
			);
			path = Service;
			sourceTree = "<group>";
		};
		B6C44FAE2A0289250002341C /* Router */ = {
			isa = PBXGroup;
			children = (
				B6C44FAF2A0289440002341C /* Router.swift */,
				B6C44FB12A0289540002341C /* RouterProtocol.swift */,
			);
			path = Router;
			sourceTree = "<group>";
		};
		B6C44FB92A028C610002341C /* Models */ = {
			isa = PBXGroup;
			children = (
				B6C44FBA2A028C6C0002341C /* Resourses */,
			);
			path = Models;
			sourceTree = "<group>";
		};
		B6C44FBA2A028C6C0002341C /* Resourses */ = {
			isa = PBXGroup;
			children = (
				B6C44FBB2A028C7B0002341C /* Resources.swift */,
			);
			path = Resourses;
			sourceTree = "<group>";
		};
		B6CDF81E2A02B66400043489 /* AllCards */ = {
			isa = PBXGroup;
			children = (
				B6CDF8222A02B6B500043489 /* Views */,
				B6CDF8212A02B6AF00043489 /* Protocols */,
				B6CDF8202A02B6A800043489 /* Presenters */,
				B6CDF81F2A02B69B00043489 /* Controllers */,
			);
			path = AllCards;
			sourceTree = "<group>";
		};
		B6CDF81F2A02B69B00043489 /* Controllers */ = {
			isa = PBXGroup;
			children = (
				B6CDF8232A02B6DF00043489 /* AllCardsController.swift */,
			);
			path = Controllers;
			sourceTree = "<group>";
		};
		B6CDF8202A02B6A800043489 /* Presenters */ = {
			isa = PBXGroup;
			children = (
				B6CDF8292A02B75B00043489 /* AllCardsPresenter.swift */,
			);
			path = Presenters;
			sourceTree = "<group>";
		};
		B6CDF8212A02B6AF00043489 /* Protocols */ = {
			isa = PBXGroup;
			children = (
				B6CDF82B2A02B83000043489 /* AllCardsViewProtocol.swift */,
				B6CDF82D2A02B87C00043489 /* AllCardsViewDelegate.swift */,
				B6CDF8252A02B70D00043489 /* AllCardsControllerProtocol.swift */,
				B6CDF8272A02B74700043489 /* AllCardsPresenterProtocol.swift */,
			);
			path = Protocols;
			sourceTree = "<group>";
		};
		B6CDF8222A02B6B500043489 /* Views */ = {
			isa = PBXGroup;
			children = (
				B6CDF8312A02C24300043489 /* CardCell.swift */,
				B6CDF82F2A02B98E00043489 /* AllCardsView.swift */,
				B6CDF8442A03296300043489 /* ExpandableView.swift */,
			);
			path = Views;
			sourceTree = "<group>";
		};
		B6CDF8332A03143E00043489 /* CardDetail */ = {
			isa = PBXGroup;
			children = (
				B6CDF8372A0314A100043489 /* Views */,
				B6CDF8352A03148800043489 /* Protocols */,
				B6CDF8342A03147A00043489 /* Presenters */,
				B6CDF8362A03148E00043489 /* Controllers */,
			);
			path = CardDetail;
			sourceTree = "<group>";
		};
		B6CDF8342A03147A00043489 /* Presenters */ = {
			isa = PBXGroup;
			children = (
				B6CDF8402A0315AC00043489 /* CardDetailPresenter.swift */,
			);
			path = Presenters;
			sourceTree = "<group>";
		};
		B6CDF8352A03148800043489 /* Protocols */ = {
			isa = PBXGroup;
			children = (
				B6CDF83C2A03155500043489 /* CardDetailViewProtocol.swift */,
				B6CDF83A2A03151400043489 /* CardDetailControllerProtocol.swift */,
				B6CDF83E2A03159700043489 /* CardDetailPresenterProtocol.swift */,
			);
			path = Protocols;
			sourceTree = "<group>";
		};
		B6CDF8362A03148E00043489 /* Controllers */ = {
			isa = PBXGroup;
			children = (
				B6CDF8382A0314EC00043489 /* CardDetailController.swift */,
			);
			path = Controllers;
			sourceTree = "<group>";
		};
		B6CDF8372A0314A100043489 /* Views */ = {
			isa = PBXGroup;
			children = (
				B6CDF8422A0315ED00043489 /* CardDetailView.swift */,
			);
			path = Views;
			sourceTree = "<group>";
		};
/* End PBXGroup section */

/* Begin PBXNativeTarget section */
		B67CC5652A028665001CFF76 /* iPartner */ = {
			isa = PBXNativeTarget;
			buildConfigurationList = B67CC57A2A028666001CFF76 /* Build configuration list for PBXNativeTarget "iPartner" */;
			buildPhases = (
				B67CC5622A028665001CFF76 /* Sources */,
				B67CC5632A028665001CFF76 /* Frameworks */,
				B67CC5642A028665001CFF76 /* Resources */,
			);
			buildRules = (
			);
			dependencies = (
			);
			name = iPartner;
			productName = iPartner;
			productReference = B67CC5662A028665001CFF76 /* iPartner.app */;
			productType = "com.apple.product-type.application";
		};
/* End PBXNativeTarget section */

/* Begin PBXProject section */
		B67CC55E2A028665001CFF76 /* Project object */ = {
			isa = PBXProject;
			attributes = {
				BuildIndependentTargetsInParallel = 1;
				LastSwiftUpdateCheck = 1430;
				LastUpgradeCheck = 1430;
				TargetAttributes = {
					B67CC5652A028665001CFF76 = {
						CreatedOnToolsVersion = 14.3;
					};
				};
			};
			buildConfigurationList = B67CC5612A028665001CFF76 /* Build configuration list for PBXProject "iPartner" */;
			compatibilityVersion = "Xcode 14.0";
			developmentRegion = en;
			hasScannedForEncodings = 0;
			knownRegions = (
				en,
				Base,
			);
			mainGroup = B67CC55D2A028665001CFF76;
			productRefGroup = B67CC5672A028665001CFF76 /* Products */;
			projectDirPath = "";
			projectRoot = "";
			targets = (
				B67CC5652A028665001CFF76 /* iPartner */,
			);
		};
/* End PBXProject section */

/* Begin PBXResourcesBuildPhase section */
		B67CC5642A028665001CFF76 /* Resources */ = {
			isa = PBXResourcesBuildPhase;
			buildActionMask = 2147483647;
			files = (
				B67CC5762A028666001CFF76 /* LaunchScreen.storyboard in Resources */,
				B67CC5732A028666001CFF76 /* Assets.xcassets in Resources */,
			);
			runOnlyForDeploymentPostprocessing = 0;
		};
/* End PBXResourcesBuildPhase section */

/* Begin PBXSourcesBuildPhase section */
		B67CC5622A028665001CFF76 /* Sources */ = {
			isa = PBXSourcesBuildPhase;
			buildActionMask = 2147483647;
			files = (
				B6CDF82A2A02B75B00043489 /* AllCardsPresenter.swift in Sources */,
				B6CDF83F2A03159700043489 /* CardDetailPresenterProtocol.swift in Sources */,
				B6CDF82E2A02B87C00043489 /* AllCardsViewDelegate.swift in Sources */,
				B6CDF8432A0315ED00043489 /* CardDetailView.swift in Sources */,
				B6C44FB02A0289440002341C /* Router.swift in Sources */,
				B6C44FB42A028A580002341C /* MainPresenter.swift in Sources */,
				B6CDF8412A0315AC00043489 /* CardDetailPresenter.swift in Sources */,
				B6CDF82C2A02B83000043489 /* AllCardsViewProtocol.swift in Sources */,
				B6CDF8262A02B70D00043489 /* AllCardsControllerProtocol.swift in Sources */,
				B6CDF8242A02B6DF00043489 /* AllCardsController.swift in Sources */,
				B6CDF83D2A03155500043489 /* CardDetailViewProtocol.swift in Sources */,
				B6CDF8392A0314EC00043489 /* CardDetailController.swift in Sources */,
				B6C44FB82A028AB80002341C /* MainViewProtocol.swift in Sources */,
				B6CDF8182A02A87D00043489 /* MainView.swift in Sources */,
				B6CDF81A2A02A9A800043489 /* MainViewDelegate.swift in Sources */,
				B67CC56E2A028665001CFF76 /* MainController.swift in Sources */,
				B6C44FB62A028A830002341C /* MainPresenterProtocol.swift in Sources */,
				B6CDF8282A02B74700043489 /* AllCardsPresenterProtocol.swift in Sources */,
				B6C44FB22A0289540002341C /* RouterProtocol.swift in Sources */,
				B6C44FBC2A028C7B0002341C /* Resources.swift in Sources */,
				B6CDF83B2A03151400043489 /* CardDetailControllerProtocol.swift in Sources */,
				B6CDF8322A02C24300043489 /* CardCell.swift in Sources */,
				B6CDF8452A03296300043489 /* ExpandableView.swift in Sources */,
				B6CDF8302A02B98E00043489 /* AllCardsView.swift in Sources */,
				B67CC56A2A028665001CFF76 /* AppDelegate.swift in Sources */,
				B6CDF81C2A02ABB400043489 /* MainControllerProtocol.swift in Sources */,
				B67CC56C2A028665001CFF76 /* SceneDelegate.swift in Sources */,
			);
			runOnlyForDeploymentPostprocessing = 0;
		};
/* End PBXSourcesBuildPhase section */

/* Begin PBXVariantGroup section */
		B67CC5742A028666001CFF76 /* LaunchScreen.storyboard */ = {
			isa = PBXVariantGroup;
			children = (
				B67CC5752A028666001CFF76 /* Base */,
			);
			name = LaunchScreen.storyboard;
			sourceTree = "<group>";
		};
/* End PBXVariantGroup section */

/* Begin XCBuildConfiguration section */
		B67CC5782A028666001CFF76 /* Debug */ = {
			isa = XCBuildConfiguration;
			buildSettings = {
				ALWAYS_SEARCH_USER_PATHS = NO;
				CLANG_ANALYZER_NONNULL = YES;
				CLANG_ANALYZER_NUMBER_OBJECT_CONVERSION = YES_AGGRESSIVE;
				CLANG_CXX_LANGUAGE_STANDARD = "gnu++20";
				CLANG_ENABLE_MODULES = YES;
				CLANG_ENABLE_OBJC_ARC = YES;
				CLANG_ENABLE_OBJC_WEAK = YES;
				CLANG_WARN_BLOCK_CAPTURE_AUTORELEASING = YES;
				CLANG_WARN_BOOL_CONVERSION = YES;
				CLANG_WARN_COMMA = YES;
				CLANG_WARN_CONSTANT_CONVERSION = YES;
				CLANG_WARN_DEPRECATED_OBJC_IMPLEMENTATIONS = YES;
				CLANG_WARN_DIRECT_OBJC_ISA_USAGE = YES_ERROR;
				CLANG_WARN_DOCUMENTATION_COMMENTS = YES;
				CLANG_WARN_EMPTY_BODY = YES;
				CLANG_WARN_ENUM_CONVERSION = YES;
				CLANG_WARN_INFINITE_RECURSION = YES;
				CLANG_WARN_INT_CONVERSION = YES;
				CLANG_WARN_NON_LITERAL_NULL_CONVERSION = YES;
				CLANG_WARN_OBJC_IMPLICIT_RETAIN_SELF = YES;
				CLANG_WARN_OBJC_LITERAL_CONVERSION = YES;
				CLANG_WARN_OBJC_ROOT_CLASS = YES_ERROR;
				CLANG_WARN_QUOTED_INCLUDE_IN_FRAMEWORK_HEADER = YES;
				CLANG_WARN_RANGE_LOOP_ANALYSIS = YES;
				CLANG_WARN_STRICT_PROTOTYPES = YES;
				CLANG_WARN_SUSPICIOUS_MOVE = YES;
				CLANG_WARN_UNGUARDED_AVAILABILITY = YES_AGGRESSIVE;
				CLANG_WARN_UNREACHABLE_CODE = YES;
				CLANG_WARN__DUPLICATE_METHOD_MATCH = YES;
				COPY_PHASE_STRIP = NO;
				DEBUG_INFORMATION_FORMAT = dwarf;
				ENABLE_STRICT_OBJC_MSGSEND = YES;
				ENABLE_TESTABILITY = YES;
				GCC_C_LANGUAGE_STANDARD = gnu11;
				GCC_DYNAMIC_NO_PIC = NO;
				GCC_NO_COMMON_BLOCKS = YES;
				GCC_OPTIMIZATION_LEVEL = 0;
				GCC_PREPROCESSOR_DEFINITIONS = (
					"DEBUG=1",
					"$(inherited)",
				);
				GCC_WARN_64_TO_32_BIT_CONVERSION = YES;
				GCC_WARN_ABOUT_RETURN_TYPE = YES_ERROR;
				GCC_WARN_UNDECLARED_SELECTOR = YES;
				GCC_WARN_UNINITIALIZED_AUTOS = YES_AGGRESSIVE;
				GCC_WARN_UNUSED_FUNCTION = YES;
				GCC_WARN_UNUSED_VARIABLE = YES;
				IPHONEOS_DEPLOYMENT_TARGET = 16.4;
				MTL_ENABLE_DEBUG_INFO = INCLUDE_SOURCE;
				MTL_FAST_MATH = YES;
				ONLY_ACTIVE_ARCH = YES;
				SDKROOT = iphoneos;
				SWIFT_ACTIVE_COMPILATION_CONDITIONS = DEBUG;
				SWIFT_OPTIMIZATION_LEVEL = "-Onone";
			};
			name = Debug;
		};
		B67CC5792A028666001CFF76 /* Release */ = {
			isa = XCBuildConfiguration;
			buildSettings = {
				ALWAYS_SEARCH_USER_PATHS = NO;
				CLANG_ANALYZER_NONNULL = YES;
				CLANG_ANALYZER_NUMBER_OBJECT_CONVERSION = YES_AGGRESSIVE;
				CLANG_CXX_LANGUAGE_STANDARD = "gnu++20";
				CLANG_ENABLE_MODULES = YES;
				CLANG_ENABLE_OBJC_ARC = YES;
				CLANG_ENABLE_OBJC_WEAK = YES;
				CLANG_WARN_BLOCK_CAPTURE_AUTORELEASING = YES;
				CLANG_WARN_BOOL_CONVERSION = YES;
				CLANG_WARN_COMMA = YES;
				CLANG_WARN_CONSTANT_CONVERSION = YES;
				CLANG_WARN_DEPRECATED_OBJC_IMPLEMENTATIONS = YES;
				CLANG_WARN_DIRECT_OBJC_ISA_USAGE = YES_ERROR;
				CLANG_WARN_DOCUMENTATION_COMMENTS = YES;
				CLANG_WARN_EMPTY_BODY = YES;
				CLANG_WARN_ENUM_CONVERSION = YES;
				CLANG_WARN_INFINITE_RECURSION = YES;
				CLANG_WARN_INT_CONVERSION = YES;
				CLANG_WARN_NON_LITERAL_NULL_CONVERSION = YES;
				CLANG_WARN_OBJC_IMPLICIT_RETAIN_SELF = YES;
				CLANG_WARN_OBJC_LITERAL_CONVERSION = YES;
				CLANG_WARN_OBJC_ROOT_CLASS = YES_ERROR;
				CLANG_WARN_QUOTED_INCLUDE_IN_FRAMEWORK_HEADER = YES;
				CLANG_WARN_RANGE_LOOP_ANALYSIS = YES;
				CLANG_WARN_STRICT_PROTOTYPES = YES;
				CLANG_WARN_SUSPICIOUS_MOVE = YES;
				CLANG_WARN_UNGUARDED_AVAILABILITY = YES_AGGRESSIVE;
				CLANG_WARN_UNREACHABLE_CODE = YES;
				CLANG_WARN__DUPLICATE_METHOD_MATCH = YES;
				COPY_PHASE_STRIP = NO;
				DEBUG_INFORMATION_FORMAT = "dwarf-with-dsym";
				ENABLE_NS_ASSERTIONS = NO;
				ENABLE_STRICT_OBJC_MSGSEND = YES;
				GCC_C_LANGUAGE_STANDARD = gnu11;
				GCC_NO_COMMON_BLOCKS = YES;
				GCC_WARN_64_TO_32_BIT_CONVERSION = YES;
				GCC_WARN_ABOUT_RETURN_TYPE = YES_ERROR;
				GCC_WARN_UNDECLARED_SELECTOR = YES;
				GCC_WARN_UNINITIALIZED_AUTOS = YES_AGGRESSIVE;
				GCC_WARN_UNUSED_FUNCTION = YES;
				GCC_WARN_UNUSED_VARIABLE = YES;
				IPHONEOS_DEPLOYMENT_TARGET = 16.4;
				MTL_ENABLE_DEBUG_INFO = NO;
				MTL_FAST_MATH = YES;
				SDKROOT = iphoneos;
				SWIFT_COMPILATION_MODE = wholemodule;
				SWIFT_OPTIMIZATION_LEVEL = "-O";
				VALIDATE_PRODUCT = YES;
			};
			name = Release;
		};
		B67CC57B2A028666001CFF76 /* Debug */ = {
			isa = XCBuildConfiguration;
			buildSettings = {
				ASSETCATALOG_COMPILER_APPICON_NAME = AppIcon;
				ASSETCATALOG_COMPILER_GLOBAL_ACCENT_COLOR_NAME = AccentColor;
				CODE_SIGN_STYLE = Automatic;
				CURRENT_PROJECT_VERSION = 1;
				DEVELOPMENT_TEAM = 7FAA7L9346;
				GENERATE_INFOPLIST_FILE = YES;
				INFOPLIST_FILE = iPartner/Support/Info.plist;
				INFOPLIST_KEY_UIApplicationSupportsIndirectInputEvents = YES;
				INFOPLIST_KEY_UILaunchStoryboardName = LaunchScreen;
				INFOPLIST_KEY_UISupportedInterfaceOrientations = UIInterfaceOrientationPortrait;
				INFOPLIST_KEY_UISupportedInterfaceOrientations_iPad = "UIInterfaceOrientationLandscapeLeft UIInterfaceOrientationLandscapeRight UIInterfaceOrientationPortrait UIInterfaceOrientationPortraitUpsideDown";
				IPHONEOS_DEPLOYMENT_TARGET = 14.0;
				LD_RUNPATH_SEARCH_PATHS = (
					"$(inherited)",
					"@executable_path/Frameworks",
				);
				MARKETING_VERSION = 1.0;
				PRODUCT_BUNDLE_IDENTIFIER = virusloki.iPartner;
				PRODUCT_NAME = "$(TARGET_NAME)";
				SUPPORTED_PLATFORMS = "iphoneos iphonesimulator";
				SUPPORTS_MACCATALYST = NO;
				SUPPORTS_MAC_DESIGNED_FOR_IPHONE_IPAD = NO;
				SWIFT_EMIT_LOC_STRINGS = YES;
				SWIFT_VERSION = 5.0;
				TARGETED_DEVICE_FAMILY = 1;
			};
			name = Debug;
		};
		B67CC57C2A028666001CFF76 /* Release */ = {
			isa = XCBuildConfiguration;
			buildSettings = {
				ASSETCATALOG_COMPILER_APPICON_NAME = AppIcon;
				ASSETCATALOG_COMPILER_GLOBAL_ACCENT_COLOR_NAME = AccentColor;
				CODE_SIGN_STYLE = Automatic;
				CURRENT_PROJECT_VERSION = 1;
				DEVELOPMENT_TEAM = 7FAA7L9346;
				GENERATE_INFOPLIST_FILE = YES;
				INFOPLIST_FILE = iPartner/Support/Info.plist;
				INFOPLIST_KEY_UIApplicationSupportsIndirectInputEvents = YES;
				INFOPLIST_KEY_UILaunchStoryboardName = LaunchScreen;
				INFOPLIST_KEY_UISupportedInterfaceOrientations = UIInterfaceOrientationPortrait;
				INFOPLIST_KEY_UISupportedInterfaceOrientations_iPad = "UIInterfaceOrientationLandscapeLeft UIInterfaceOrientationLandscapeRight UIInterfaceOrientationPortrait UIInterfaceOrientationPortraitUpsideDown";
				IPHONEOS_DEPLOYMENT_TARGET = 14.0;
				LD_RUNPATH_SEARCH_PATHS = (
					"$(inherited)",
					"@executable_path/Frameworks",
				);
				MARKETING_VERSION = 1.0;
				PRODUCT_BUNDLE_IDENTIFIER = virusloki.iPartner;
				PRODUCT_NAME = "$(TARGET_NAME)";
				SUPPORTED_PLATFORMS = "iphoneos iphonesimulator";
				SUPPORTS_MACCATALYST = NO;
				SUPPORTS_MAC_DESIGNED_FOR_IPHONE_IPAD = NO;
				SWIFT_EMIT_LOC_STRINGS = YES;
				SWIFT_VERSION = 5.0;
				TARGETED_DEVICE_FAMILY = 1;
			};
			name = Release;
		};
/* End XCBuildConfiguration section */

/* Begin XCConfigurationList section */
		B67CC5612A028665001CFF76 /* Build configuration list for PBXProject "iPartner" */ = {
			isa = XCConfigurationList;
			buildConfigurations = (
				B67CC5782A028666001CFF76 /* Debug */,
				B67CC5792A028666001CFF76 /* Release */,
			);
			defaultConfigurationIsVisible = 0;
			defaultConfigurationName = Release;
		};
		B67CC57A2A028666001CFF76 /* Build configuration list for PBXNativeTarget "iPartner" */ = {
			isa = XCConfigurationList;
			buildConfigurations = (
				B67CC57B2A028666001CFF76 /* Debug */,
				B67CC57C2A028666001CFF76 /* Release */,
			);
			defaultConfigurationIsVisible = 0;
			defaultConfigurationName = Release;
		};
/* End XCConfigurationList section */
	};
	rootObject = B67CC55E2A028665001CFF76 /* Project object */;
}
